{
  "nodes": {
    "flake-utils": {
      "inputs": {
        "systems": "systems_2"
      },
      "locked": {
        "lastModified": 1705309234,
        "narHash": "sha256-uNRRNRKmJyCRC/8y1RqBkqWBLM034y4qN7EprSdmgyA=",
        "owner": "numtide",
        "repo": "flake-utils",
        "rev": "1ef2e671c3b0c19053962c07dbda38332dcebf26",
        "type": "github"
      },
      "original": {
        "owner": "numtide",
        "repo": "flake-utils",
        "type": "github"
      }
    },
    "home-manager": {
      "inputs": {
        "nixpkgs": "nixpkgs"
      },
      "locked": {
        "lastModified": 1714679908,
        "narHash": "sha256-KzcXzDvDJjX34en8f3Zimm396x6idbt+cu4tWDVS2FI=",
        "owner": "nix-community",
        "repo": "home-manager",
        "rev": "9036fe9ef8e15a819fa76f47a8b1f287903fb848",
        "type": "github"
      },
      "original": {
        "id": "home-manager",
        "type": "indirect"
      }
    },
    "hyprcursor": {
      "inputs": {
        "hyprlang": [
          "hyprland",
          "hyprlang"
        ],
        "nixpkgs": [
          "hyprland",
          "nixpkgs"
        ],
        "systems": [
          "hyprland",
          "systems"
        ]
      },
      "locked": {
        "lastModified": 1713612213,
        "narHash": "sha256-zJboXgWNpNhKyNF8H/3UYzWkx7w00TOCGKi3cwi+tsw=",
        "owner": "hyprwm",
        "repo": "hyprcursor",
        "rev": "cab4746180f210a3c1dd3d53e45c510e309e90e1",
        "type": "github"
      },
      "original": {
        "owner": "hyprwm",
        "repo": "hyprcursor",
        "type": "github"
      }
    },
    "hyprland": {
      "inputs": {
        "hyprcursor": "hyprcursor",
        "hyprland-protocols": "hyprland-protocols",
        "hyprlang": "hyprlang",
        "hyprwayland-scanner": "hyprwayland-scanner",
        "nixpkgs": "nixpkgs_2",
        "systems": "systems",
        "wlroots": "wlroots",
        "xdph": "xdph"
      },
      "locked": {
        "lastModified": 1714851003,
        "narHash": "sha256-U5waSzulVM9LnoRgkqCGBEWkiAG/F9gK69gDgaY82qo=",
        "owner": "hyprwm",
        "repo": "Hyprland",
        "rev": "a3309b51a254f142c535022615be6f76eb23fa9b",
        "type": "github"
      },
      "original": {
        "owner": "hyprwm",
        "repo": "Hyprland",
        "type": "github"
      }
    },
    "hyprland-protocols": {
      "inputs": {
        "nixpkgs": [
          "hyprland",
          "nixpkgs"
        ],
        "systems": [
          "hyprland",
          "systems"
        ]
      },
      "locked": {
        "lastModified": 1691753796,
        "narHash": "sha256-zOEwiWoXk3j3+EoF3ySUJmberFewWlagvewDRuWYAso=",
        "owner": "hyprwm",
        "repo": "hyprland-protocols",
        "rev": "0c2ce70625cb30aef199cb388f99e19a61a6ce03",
        "type": "github"
      },
      "original": {
        "owner": "hyprwm",
        "repo": "hyprland-protocols",
        "type": "github"
      }
    },
    "hyprlang": {
      "inputs": {
        "nixpkgs": [
          "hyprland",
          "nixpkgs"
        ],
        "systems": [
          "hyprland",
          "systems"
        ]
      },
      "locked": {
        "lastModified": 1713121246,
        "narHash": "sha256-502X0Q0fhN6tJK7iEUA8CghONKSatW/Mqj4Wappd++0=",
        "owner": "hyprwm",
        "repo": "hyprlang",
        "rev": "78fcaa27ae9e1d782faa3ff06c8ea55ddce63706",
        "type": "github"
      },
      "original": {
        "owner": "hyprwm",
        "repo": "hyprlang",
        "type": "github"
      }
    },
    "hyprwayland-scanner": {
      "inputs": {
        "nixpkgs": [
          "hyprland",
          "nixpkgs"
        ],
        "systems": [
          "hyprland",
          "systems"
        ]
      },
      "locked": {
        "lastModified": 1714755542,
        "narHash": "sha256-D0pg+ZRwrt4lavZ97Ca8clsgbPA3duLj8iEM7riaIFY=",
        "owner": "hyprwm",
        "repo": "hyprwayland-scanner",
        "rev": "1270ebaa539e56d61b708c24b072b09cbbd3a828",
        "type": "github"
      },
      "original": {
        "owner": "hyprwm",
        "repo": "hyprwayland-scanner",
        "type": "github"
      }
    },
    "nixpkgs": {
      "locked": {
        "lastModified": 1714253743,
        "narHash": "sha256-mdTQw2XlariysyScCv2tTE45QSU9v/ezLcHJ22f0Nxc=",
        "owner": "NixOS",
        "repo": "nixpkgs",
        "rev": "58a1abdbae3217ca6b702f03d3b35125d88a2994",
        "type": "github"
      },
      "original": {
        "owner": "NixOS",
        "ref": "nixos-unstable",
        "repo": "nixpkgs",
        "type": "github"
      }
    },
    "nixpkgs_2": {
      "locked": {
        "lastModified": 1714253743,
        "narHash": "sha256-mdTQw2XlariysyScCv2tTE45QSU9v/ezLcHJ22f0Nxc=",
        "owner": "NixOS",
        "repo": "nixpkgs",
        "rev": "58a1abdbae3217ca6b702f03d3b35125d88a2994",
        "type": "github"
      },
      "original": {
        "owner": "NixOS",
        "ref": "nixos-unstable",
        "repo": "nixpkgs",
        "type": "github"
      }
    },
    "nixpkgs_3": {
      "locked": {
        "lastModified": 1714635257,
        "narHash": "sha256-4cPymbty65RvF1DWQfc+Bc8B233A1BWxJnNULJKQ1EY=",
        "owner": "NixOS",
        "repo": "nixpkgs",
        "rev": "63c3a29ca82437c87573e4c6919b09a24ea61b0f",
        "type": "github"
      },
      "original": {
        "owner": "NixOS",
        "ref": "nixos-unstable",
        "repo": "nixpkgs",
        "type": "github"
      }
    },
    "nixpkgs_4": {
      "locked": {
        "lastModified": 1706487304,
        "narHash": "sha256-LE8lVX28MV2jWJsidW13D2qrHU/RUUONendL2Q/WlJg=",
        "owner": "NixOS",
        "repo": "nixpkgs",
        "rev": "90f456026d284c22b3e3497be980b2e47d0b28ac",
        "type": "github"
      },
      "original": {
        "owner": "NixOS",
        "ref": "nixpkgs-unstable",
        "repo": "nixpkgs",
        "type": "github"
      }
    },
    "root": {
      "inputs": {
        "home-manager": "home-manager",
        "hyprland": "hyprland",
        "nixpkgs": "nixpkgs_3",
        "rust-overlay": "rust-overlay"
      }
    },
    "rust-overlay": {
      "inputs": {
        "flake-utils": "flake-utils",
        "nixpkgs": "nixpkgs_4"
      },
      "locked": {
        "lastModified": 1714788771,
        "narHash": "sha256-UxFPoIskGHp1lFetK55jsuCvagqLXVE9pD+IjWQUWiY=",
        "owner": "oxalica",
        "repo": "rust-overlay",
        "rev": "b37d96b614c38922674fd8d81ebc2fe807667a5b",
        "type": "github"
      },
      "original": {
        "owner": "oxalica",
        "repo": "rust-overlay",
        "type": "github"
      }
    },
    "systems": {
      "locked": {
        "lastModified": 1689347949,
        "narHash": "sha256-12tWmuL2zgBgZkdoB6qXZsgJEH9LR3oUgpaQq2RbI80=",
        "owner": "nix-systems",
        "repo": "default-linux",
        "rev": "31732fcf5e8fea42e59c2488ad31a0e651500f68",
        "type": "github"
      },
      "original": {
        "owner": "nix-systems",
        "repo": "default-linux",
        "type": "github"
      }
    },
    "systems_2": {
      "locked": {
        "lastModified": 1681028828,
        "narHash": "sha256-Vy1rq5AaRuLzOxct8nz4T6wlgyUR7zLU309k9mBC768=",
        "owner": "nix-systems",
        "repo": "default",
        "rev": "da67096a3b9bf56a91d16901293e51ba5b49a27e",
        "type": "github"
      },
      "original": {
        "owner": "nix-systems",
        "repo": "default",
        "type": "github"
      }
    },
    "wlroots": {
      "flake": false,
      "locked": {
        "lastModified": 1713731601,
        "narHash": "sha256-bdcKdtLkusvv85DNuJsajZLFeq7bXp+x5AGP1Sd4wD8=",
        "owner": "hyprwm",
        "repo": "wlroots-hyprland",
        "rev": "5c1d51c5a2793480f5b6c4341ad0797052aec2ea",
        "type": "github"
      },
      "original": {
        "owner": "hyprwm",
        "repo": "wlroots-hyprland",
        "rev": "5c1d51c5a2793480f5b6c4341ad0797052aec2ea",
        "type": "github"
      }
    },
    "xdph": {
      "inputs": {
        "hyprland-protocols": [
          "hyprland",
          "hyprland-protocols"
        ],
        "hyprlang": [
          "hyprland",
          "hyprlang"
        ],
        "nixpkgs": [
          "hyprland",
          "nixpkgs"
        ],
        "systems": [
          "hyprland",
          "systems"
        ]
      },
      "locked": {
        "lastModified": 1714060055,
        "narHash": "sha256-j43TS9wv9luaAlpxcxw0sjxkbcc2mGANVR2RYgo3RCw=",
        "owner": "hyprwm",
        "repo": "xdg-desktop-portal-hyprland",
        "rev": "0fe840441e43da12cd7865ed9aa8cdc35a8da85a",
        "type": "github"
      },
      "original": {
        "owner": "hyprwm",
        "repo": "xdg-desktop-portal-hyprland",
        "type": "github"
      }
    }
  },
  "root": "root",
  "version": 7
}
